
Microsoft Visual Studio Solution File, Format Version 12.00
# Visual Studio Version 16
VisualStudioVersion = 16.0.30320.27
MinimumVisualStudioVersion = 10.0.40219.1
Project("{FAE04EC0-301F-11D3-BF4B-00C04F79EFBC}") = "W DataBase", "W DataBase.csproj", "{D69E431E-635E-4BFB-B1AA-216970B31BE0}"
EndProject
Global
	GlobalSection(SolutionConfigurationPlatforms) = preSolution
		Debug|Any CPU = Debug|Any CPU
		Release|Any CPU = Release|Any CPU
	EndGlobalSection
	GlobalSection(ProjectConfigurationPlatforms) = postSolution
		{D69E431E-635E-4BFB-B1AA-216970B31BE0}.Debug|Any CPU.ActiveCfg = Debug|Any CPU
		{D69E431E-635E-4BFB-B1AA-216970B31BE0}.Debug|Any CPU.Build.0 = Debug|Any CPU
		{D69E431E-635E-4BFB-B1AA-216970B31BE0}.Release|Any CPU.ActiveCfg = Release|Any CPU
		{D69E431E-635E-4BFB-B1AA-216970B31BE0}.Release|Any CPU.Build.0 = Release|Any CPU
	EndGlobalSection
	GlobalSection(SolutionProperties) = preSolution
		HideSolutionNode = FALSE
	EndGlobalSection
	GlobalSection(ExtensibilityGlobals) = postSolution
		SolutionGuid = {BD43F1EA-D1D6-433F-93D8-DBA1BCE3F771}
	EndGlobalSection
EndGlobal
